
Microsoft Visual Studio Solution File, Format Version 12.00
# Visual Studio Version 17
VisualStudioVersion = 17.5.33530.505
MinimumVisualStudioVersion = 10.0.40219.1
Project("{FAE04EC0-301F-11D3-BF4B-00C04F79EFBC}") = "Seminar_2", "Seminar_2\Seminar_2.csproj", "{66937BB9-24BD-4B91-B4D3-3043EFB67005}"
EndProject
Global
	GlobalSection(SolutionConfigurationPlatforms) = preSolution
		Debug|Any CPU = Debug|Any CPU
		Release|Any CPU = Release|Any CPU
	EndGlobalSection
	GlobalSection(ProjectConfigurationPlatforms) = postSolution
		{66937BB9-24BD-4B91-B4D3-3043EFB67005}.Debug|Any CPU.ActiveCfg = Debug|Any CPU
		{66937BB9-24BD-4B91-B4D3-3043EFB67005}.Debug|Any CPU.Build.0 = Debug|Any CPU
		{66937BB9-24BD-4B91-B4D3-3043EFB67005}.Release|Any CPU.ActiveCfg = Release|Any CPU
		{66937BB9-24BD-4B91-B4D3-3043EFB67005}.Release|Any CPU.Build.0 = Release|Any CPU
	EndGlobalSection
	GlobalSection(SolutionProperties) = preSolution
		HideSolutionNode = FALSE
	EndGlobalSection
	GlobalSection(ExtensibilityGlobals) = postSolution
		SolutionGuid = {EED33534-4156-47A8-A54F-A844E601C339}
	EndGlobalSection
EndGlobal
